PODS:
  - ScalingHeaderScrollView (1.1.4):
    - SwiftUIIntrospect
  - SwiftUIIntrospect (1.3.0)

DEPENDENCIES:
  - ScalingHeaderScrollView

SPEC REPOS:
  trunk:
    - ScalingHeaderScrollView
    - SwiftUIIntrospect

SPEC CHECKSUMS:
  ScalingHeaderScrollView: bbff3ab62d3ac7f1d53f02a0b6ae2f61b919e054
  SwiftUIIntrospect: fee9aa07293ee280373a591e1824e8ddc869ba5d

PODFILE CHECKSUM: 47cd41336368f1fbc3987349a208b637880ffe46

COCOAPODS: 1.15.2
