// !$*UTF8*$!
{
	archiveVersion = 1;
	classes = {
	};
	objectVersion = 56;
	objects = {

/* Begin PBXBuildFile section */
		2C15E71E2C9737AD00E3726A /* HomeView.swift in Sources */ = {isa = PBXBuildFile; fileRef = 2C15E71D2C9737AD00E3726A /* HomeView.swift */; };
		2C15E7202C973C4800E3726A /* MainView.swift in Sources */ = {isa = PBXBuildFile; fileRef = 2C15E71F2C973C4800E3726A /* MainView.swift */; };
		2C15E7222C97504900E3726A /* SavedRoutes.swift in Sources */ = {isa = PBXBuildFile; fileRef = 2C15E7212C97504900E3726A /* SavedRoutes.swift */; };
		2C15E7242C9750C200E3726A /* ProfileView.swift in Sources */ = {isa = PBXBuildFile; fileRef = 2C15E7232C9750C200E3726A /* ProfileView.swift */; };
		2C15E7262C97513800E3726A /* CreateNewRouteView.swift in Sources */ = {isa = PBXBuildFile; fileRef = 2C15E7252C97513800E3726A /* CreateNewRouteView.swift */; };
		2C15E72B2C97B53B00E3726A /* CardView.swift in Sources */ = {isa = PBXBuildFile; fileRef = 2C15E72A2C97B53B00E3726A /* CardView.swift */; };
		2C15E72D2C97B56C00E3726A /* ToggleButtonsView.swift in Sources */ = {isa = PBXBuildFile; fileRef = 2C15E72C2C97B56C00E3726A /* ToggleButtonsView.swift */; };
		2C15E7312C97C08300E3726A /* SheetSearchCityView.swift in Sources */ = {isa = PBXBuildFile; fileRef = 2C15E7302C97C08300E3726A /* SheetSearchCityView.swift */; };
		2C16CDEC2C7D17900079A75B /* tripperApp.swift in Sources */ = {isa = PBXBuildFile; fileRef = 2C16CDEB2C7D17900079A75B /* tripperApp.swift */; };
		2C16CDF32C7D17910079A75B /* Preview Assets.xcassets in Resources */ = {isa = PBXBuildFile; fileRef = 2C16CDF22C7D17910079A75B /* Preview Assets.xcassets */; };
		2C16CDF82C7D17910079A75B /* tripper.xcdatamodeld in Sources */ = {isa = PBXBuildFile; fileRef = 2C16CDF62C7D17910079A75B /* tripper.xcdatamodeld */; };
		2C16CE022C7D17910079A75B /* tripperTests.swift in Sources */ = {isa = PBXBuildFile; fileRef = 2C16CE012C7D17910079A75B /* tripperTests.swift */; };
		2C16CE0C2C7D17910079A75B /* tripperUITests.swift in Sources */ = {isa = PBXBuildFile; fileRef = 2C16CE0B2C7D17910079A75B /* tripperUITests.swift */; };
		2C16CE0E2C7D17910079A75B /* tripperUITestsLaunchTests.swift in Sources */ = {isa = PBXBuildFile; fileRef = 2C16CE0D2C7D17910079A75B /* tripperUITestsLaunchTests.swift */; };
		2C5344B82C9E138400D06777 /* SplashView.swift in Sources */ = {isa = PBXBuildFile; fileRef = 2C5344B72C9E137A00D06777 /* SplashView.swift */; };
		2C5344BA2C9F440300D06777 /* SearchBarView.swift in Sources */ = {isa = PBXBuildFile; fileRef = 2C5344B92C9F43FC00D06777 /* SearchBarView.swift */; };
		2C5344BC2C9F441A00D06777 /* TabButtonView.swift in Sources */ = {isa = PBXBuildFile; fileRef = 2C5344BB2C9F441900D06777 /* TabButtonView.swift */; };
		2C5344BE2C9F443100D06777 /* HorizontalCardListView.swift in Sources */ = {isa = PBXBuildFile; fileRef = 2C5344BD2C9F442F00D06777 /* HorizontalCardListView.swift */; };
		2C5344C02C9F445B00D06777 /* DiscoverView.swift in Sources */ = {isa = PBXBuildFile; fileRef = 2C5344BF2C9F445400D06777 /* DiscoverView.swift */; };
		2C5344C22C9F446F00D06777 /* SearchView.swift in Sources */ = {isa = PBXBuildFile; fileRef = 2C5344C12C9F446F00D06777 /* SearchView.swift */; };
		2C5344C42C9F448D00D06777 /* LocationButtonView.swift in Sources */ = {isa = PBXBuildFile; fileRef = 2C5344C32C9F448700D06777 /* LocationButtonView.swift */; };
		2C5344C62C9F453400D06777 /* BottomTabBarButtonView.swift in Sources */ = {isa = PBXBuildFile; fileRef = 2C5344C52C9F452900D06777 /* BottomTabBarButtonView.swift */; };
		2C5344C82C9F455A00D06777 /* BottomTabBarView.swift in Sources */ = {isa = PBXBuildFile; fileRef = 2C5344C72C9F454900D06777 /* BottomTabBarView.swift */; };
		2C5344CA2C9F457500D06777 /* MainContentView.swift in Sources */ = {isa = PBXBuildFile; fileRef = 2C5344C92C9F456D00D06777 /* MainContentView.swift */; };
		2C5344CC2C9F46A700D06777 /* ProfileSectionView.swift in Sources */ = {isa = PBXBuildFile; fileRef = 2C5344CB2C9F46A100D06777 /* ProfileSectionView.swift */; };
		2C5344CE2C9F46BA00D06777 /* StatisticsGridView.swift in Sources */ = {isa = PBXBuildFile; fileRef = 2C5344CD2C9F46B800D06777 /* StatisticsGridView.swift */; };
		2C5344D02C9F46DA00D06777 /* MedalsView.swift in Sources */ = {isa = PBXBuildFile; fileRef = 2C5344CF2C9F46CF00D06777 /* MedalsView.swift */; };
		2C5344D22C9F46FD00D06777 /* SettingsSectionView.swift in Sources */ = {isa = PBXBuildFile; fileRef = 2C5344D12C9F46F400D06777 /* SettingsSectionView.swift */; };
		2C5344ED2C9F4A5B00D06777 /* StepperView.swift in Sources */ = {isa = PBXBuildFile; fileRef = 2C5344EC2C9F4A5400D06777 /* StepperView.swift */; };
		2C5344EF2C9F4A6300D06777 /* LoginView.swift in Sources */ = {isa = PBXBuildFile; fileRef = 2C5344EE2C9F4A5E00D06777 /* LoginView.swift */; };
		2C5344F52C9F534400D06777 /* FullNameStepView.swift in Sources */ = {isa = PBXBuildFile; fileRef = 2C5344F42C9F533F00D06777 /* FullNameStepView.swift */; };
		2C5344F92C9F535000D06777 /* EmailStepView.swift in Sources */ = {isa = PBXBuildFile; fileRef = 2C5344F82C9F534E00D06777 /* EmailStepView.swift */; };
		2C5344FB2C9F55F400D06777 /* FinalStepView.swift in Sources */ = {isa = PBXBuildFile; fileRef = 2C5344FA2C9F55EE00D06777 /* FinalStepView.swift */; };
		2C5344FD2C9F736200D06777 /* PasswordStepView.swift in Sources */ = {isa = PBXBuildFile; fileRef = 2C5344FC2C9F735B00D06777 /* PasswordStepView.swift */; };
		2CB0C2792C8FD610007C077A /* Assets.xcassets in Resources */ = {isa = PBXBuildFile; fileRef = 2CB0C26B2C8FD60F007C077A /* Assets.xcassets */; };
		2CB2B30D2C8FE20600466E54 /* FloatingButtons.swift in Sources */ = {isa = PBXBuildFile; fileRef = 2CB2B30C2C8FE20600466E54 /* FloatingButtons.swift */; };
		2CD5D7292C933D490069EBB2 /* LocationService.swift in Sources */ = {isa = PBXBuildFile; fileRef = 2CD5D7282C933D490069EBB2 /* LocationService.swift */; };
		2CFDDB0A2C93B221004B2E53 /* MapView.swift in Sources */ = {isa = PBXBuildFile; fileRef = 2CFDDB092C93B221004B2E53 /* MapView.swift */; };
		2CFDDB0C2C93B360004B2E53 /* SheetView.swift in Sources */ = {isa = PBXBuildFile; fileRef = 2CFDDB0B2C93B360004B2E53 /* SheetView.swift */; };
/* End PBXBuildFile section */

/* Begin PBXContainerItemProxy section */
		2C16CDFE2C7D17910079A75B /* PBXContainerItemProxy */ = {
			isa = PBXContainerItemProxy;
			containerPortal = 2C16CDE02C7D17900079A75B /* Project object */;
			proxyType = 1;
			remoteGlobalIDString = 2C16CDE72C7D17900079A75B;
			remoteInfo = tripper;
		};
		2C16CE082C7D17910079A75B /* PBXContainerItemProxy */ = {
			isa = PBXContainerItemProxy;
			containerPortal = 2C16CDE02C7D17900079A75B /* Project object */;
			proxyType = 1;
			remoteGlobalIDString = 2C16CDE72C7D17900079A75B;
			remoteInfo = tripper;
		};
/* End PBXContainerItemProxy section */

/* Begin PBXFileReference section */
		2C15E71D2C9737AD00E3726A /* HomeView.swift */ = {isa = PBXFileReference; lastKnownFileType = sourcecode.swift; path = HomeView.swift; sourceTree = "<group>"; };
		2C15E71F2C973C4800E3726A /* MainView.swift */ = {isa = PBXFileReference; lastKnownFileType = sourcecode.swift; path = MainView.swift; sourceTree = "<group>"; };
		2C15E7212C97504900E3726A /* SavedRoutes.swift */ = {isa = PBXFileReference; lastKnownFileType = sourcecode.swift; path = SavedRoutes.swift; sourceTree = "<group>"; };
		2C15E7232C9750C200E3726A /* ProfileView.swift */ = {isa = PBXFileReference; lastKnownFileType = sourcecode.swift; path = ProfileView.swift; sourceTree = "<group>"; };
		2C15E7252C97513800E3726A /* CreateNewRouteView.swift */ = {isa = PBXFileReference; lastKnownFileType = sourcecode.swift; path = CreateNewRouteView.swift; sourceTree = "<group>"; };
		2C15E72A2C97B53B00E3726A /* CardView.swift */ = {isa = PBXFileReference; lastKnownFileType = sourcecode.swift; path = CardView.swift; sourceTree = "<group>"; };
		2C15E72C2C97B56C00E3726A /* ToggleButtonsView.swift */ = {isa = PBXFileReference; lastKnownFileType = sourcecode.swift; path = ToggleButtonsView.swift; sourceTree = "<group>"; };
		2C15E7302C97C08300E3726A /* SheetSearchCityView.swift */ = {isa = PBXFileReference; lastKnownFileType = sourcecode.swift; path = SheetSearchCityView.swift; sourceTree = "<group>"; };
		2C16CDE82C7D17900079A75B /* tripper.app */ = {isa = PBXFileReference; explicitFileType = wrapper.application; includeInIndex = 0; path = tripper.app; sourceTree = BUILT_PRODUCTS_DIR; };
		2C16CDEB2C7D17900079A75B /* tripperApp.swift */ = {isa = PBXFileReference; lastKnownFileType = sourcecode.swift; path = tripperApp.swift; sourceTree = "<group>"; };
		2C16CDF22C7D17910079A75B /* Preview Assets.xcassets */ = {isa = PBXFileReference; lastKnownFileType = folder.assetcatalog; path = "Preview Assets.xcassets"; sourceTree = "<group>"; };
		2C16CDF72C7D17910079A75B /* tripper.xcdatamodel */ = {isa = PBXFileReference; lastKnownFileType = wrapper.xcdatamodel; path = tripper.xcdatamodel; sourceTree = "<group>"; };
		2C16CDFD2C7D17910079A75B /* tripperTests.xctest */ = {isa = PBXFileReference; explicitFileType = wrapper.cfbundle; includeInIndex = 0; path = tripperTests.xctest; sourceTree = BUILT_PRODUCTS_DIR; };
		2C16CE012C7D17910079A75B /* tripperTests.swift */ = {isa = PBXFileReference; lastKnownFileType = sourcecode.swift; path = tripperTests.swift; sourceTree = "<group>"; };
		2C16CE072C7D17910079A75B /* tripperUITests.xctest */ = {isa = PBXFileReference; explicitFileType = wrapper.cfbundle; includeInIndex = 0; path = tripperUITests.xctest; sourceTree = BUILT_PRODUCTS_DIR; };
		2C16CE0B2C7D17910079A75B /* tripperUITests.swift */ = {isa = PBXFileReference; lastKnownFileType = sourcecode.swift; path = tripperUITests.swift; sourceTree = "<group>"; };
		2C16CE0D2C7D17910079A75B /* tripperUITestsLaunchTests.swift */ = {isa = PBXFileReference; lastKnownFileType = sourcecode.swift; path = tripperUITestsLaunchTests.swift; sourceTree = "<group>"; };
		2C5344B42C9E037900D06777 /* Info.plist */ = {isa = PBXFileReference; lastKnownFileType = text.plist; path = Info.plist; sourceTree = "<group>"; };
		2C5344B72C9E137A00D06777 /* SplashView.swift */ = {isa = PBXFileReference; lastKnownFileType = sourcecode.swift; path = SplashView.swift; sourceTree = "<group>"; };
		2C5344B92C9F43FC00D06777 /* SearchBarView.swift */ = {isa = PBXFileReference; lastKnownFileType = sourcecode.swift; path = SearchBarView.swift; sourceTree = "<group>"; };
		2C5344BB2C9F441900D06777 /* TabButtonView.swift */ = {isa = PBXFileReference; lastKnownFileType = sourcecode.swift; path = TabButtonView.swift; sourceTree = "<group>"; };
		2C5344BD2C9F442F00D06777 /* HorizontalCardListView.swift */ = {isa = PBXFileReference; lastKnownFileType = sourcecode.swift; path = HorizontalCardListView.swift; sourceTree = "<group>"; };
		2C5344BF2C9F445400D06777 /* DiscoverView.swift */ = {isa = PBXFileReference; lastKnownFileType = sourcecode.swift; path = DiscoverView.swift; sourceTree = "<group>"; };
		2C5344C12C9F446F00D06777 /* SearchView.swift */ = {isa = PBXFileReference; lastKnownFileType = sourcecode.swift; path = SearchView.swift; sourceTree = "<group>"; };
		2C5344C32C9F448700D06777 /* LocationButtonView.swift */ = {isa = PBXFileReference; lastKnownFileType = sourcecode.swift; path = LocationButtonView.swift; sourceTree = "<group>"; };
		2C5344C52C9F452900D06777 /* BottomTabBarButtonView.swift */ = {isa = PBXFileReference; lastKnownFileType = sourcecode.swift; path = BottomTabBarButtonView.swift; sourceTree = "<group>"; };
		2C5344C72C9F454900D06777 /* BottomTabBarView.swift */ = {isa = PBXFileReference; lastKnownFileType = sourcecode.swift; path = BottomTabBarView.swift; sourceTree = "<group>"; };
		2C5344C92C9F456D00D06777 /* MainContentView.swift */ = {isa = PBXFileReference; lastKnownFileType = sourcecode.swift; path = MainContentView.swift; sourceTree = "<group>"; };
		2C5344CB2C9F46A100D06777 /* ProfileSectionView.swift */ = {isa = PBXFileReference; lastKnownFileType = sourcecode.swift; path = ProfileSectionView.swift; sourceTree = "<group>"; };
		2C5344CD2C9F46B800D06777 /* StatisticsGridView.swift */ = {isa = PBXFileReference; lastKnownFileType = sourcecode.swift; path = StatisticsGridView.swift; sourceTree = "<group>"; };
		2C5344CF2C9F46CF00D06777 /* MedalsView.swift */ = {isa = PBXFileReference; lastKnownFileType = sourcecode.swift; path = MedalsView.swift; sourceTree = "<group>"; };
		2C5344D12C9F46F400D06777 /* SettingsSectionView.swift */ = {isa = PBXFileReference; lastKnownFileType = sourcecode.swift; path = SettingsSectionView.swift; sourceTree = "<group>"; };
		2C5344EC2C9F4A5400D06777 /* StepperView.swift */ = {isa = PBXFileReference; lastKnownFileType = sourcecode.swift; path = StepperView.swift; sourceTree = "<group>"; };
		2C5344EE2C9F4A5E00D06777 /* LoginView.swift */ = {isa = PBXFileReference; lastKnownFileType = sourcecode.swift; path = LoginView.swift; sourceTree = "<group>"; };
		2C5344F42C9F533F00D06777 /* FullNameStepView.swift */ = {isa = PBXFileReference; lastKnownFileType = sourcecode.swift; path = FullNameStepView.swift; sourceTree = "<group>"; };
		2C5344F82C9F534E00D06777 /* EmailStepView.swift */ = {isa = PBXFileReference; lastKnownFileType = sourcecode.swift; path = EmailStepView.swift; sourceTree = "<group>"; };
		2C5344FA2C9F55EE00D06777 /* FinalStepView.swift */ = {isa = PBXFileReference; lastKnownFileType = sourcecode.swift; path = FinalStepView.swift; sourceTree = "<group>"; };
		2C5344FC2C9F735B00D06777 /* PasswordStepView.swift */ = {isa = PBXFileReference; lastKnownFileType = sourcecode.swift; path = PasswordStepView.swift; sourceTree = "<group>"; };
		2CB0C26B2C8FD60F007C077A /* Assets.xcassets */ = {isa = PBXFileReference; lastKnownFileType = folder.assetcatalog; path = Assets.xcassets; sourceTree = "<group>"; };
		2CB2B30C2C8FE20600466E54 /* FloatingButtons.swift */ = {isa = PBXFileReference; lastKnownFileType = sourcecode.swift; path = FloatingButtons.swift; sourceTree = "<group>"; };
		2CD5D7282C933D490069EBB2 /* LocationService.swift */ = {isa = PBXFileReference; lastKnownFileType = sourcecode.swift; name = LocationService.swift; path = tripper/Services/LocationService.swift; sourceTree = SOURCE_ROOT; };
		2CFDDB092C93B221004B2E53 /* MapView.swift */ = {isa = PBXFileReference; fileEncoding = 4; lastKnownFileType = sourcecode.swift; name = MapView.swift; path = tripper/MapView.swift; sourceTree = SOURCE_ROOT; };
		2CFDDB0B2C93B360004B2E53 /* SheetView.swift */ = {isa = PBXFileReference; lastKnownFileType = sourcecode.swift; path = SheetView.swift; sourceTree = "<group>"; };
/* End PBXFileReference section */

/* Begin PBXFrameworksBuildPhase section */
		2C16CDE52C7D17900079A75B /* Frameworks */ = {
			isa = PBXFrameworksBuildPhase;
			buildActionMask = 2147483647;
			files = (
			);
			runOnlyForDeploymentPostprocessing = 0;
		};
		2C16CDFA2C7D17910079A75B /* Frameworks */ = {
			isa = PBXFrameworksBuildPhase;
			buildActionMask = 2147483647;
			files = (
			);
			runOnlyForDeploymentPostprocessing = 0;
		};
		2C16CE042C7D17910079A75B /* Frameworks */ = {
			isa = PBXFrameworksBuildPhase;
			buildActionMask = 2147483647;
			files = (
			);
			runOnlyForDeploymentPostprocessing = 0;
		};
/* End PBXFrameworksBuildPhase section */

/* Begin PBXGroup section */
		2C16CDDF2C7D17900079A75B = {
			isa = PBXGroup;
			children = (
				2C16CDEA2C7D17900079A75B /* tripper */,
				2C16CE002C7D17910079A75B /* tripperTests */,
				2C16CE0A2C7D17910079A75B /* tripperUITests */,
				2C16CDE92C7D17900079A75B /* Products */,
			);
			sourceTree = "<group>";
		};
		2C16CDE92C7D17900079A75B /* Products */ = {
			isa = PBXGroup;
			children = (
				2C16CDE82C7D17900079A75B /* tripper.app */,
				2C16CDFD2C7D17910079A75B /* tripperTests.xctest */,
				2C16CE072C7D17910079A75B /* tripperUITests.xctest */,
			);
			name = Products;
			sourceTree = "<group>";
		};
		2C16CDEA2C7D17900079A75B /* tripper */ = {
			isa = PBXGroup;
			children = (
				2C5344B42C9E037900D06777 /* Info.plist */,
				2CFDDB082C93B172004B2E53 /* Assets */,
				2CFDDB072C93B13C004B2E53 /* CoreData */,
				2CFDDB062C93B121004B2E53 /* Services */,
				2CB0C2692C8FD60F007C077A /* Views */,
				2C16CDEB2C7D17900079A75B /* tripperApp.swift */,
				2C16CDF12C7D17910079A75B /* Preview Content */,
			);
			path = tripper;
			sourceTree = "<group>";
		};
		2C16CDF12C7D17910079A75B /* Preview Content */ = {
			isa = PBXGroup;
			children = (
				2C16CDF22C7D17910079A75B /* Preview Assets.xcassets */,
			);
			path = "Preview Content";
			sourceTree = "<group>";
		};
		2C16CE002C7D17910079A75B /* tripperTests */ = {
			isa = PBXGroup;
			children = (
				2C16CE012C7D17910079A75B /* tripperTests.swift */,
			);
			path = tripperTests;
			sourceTree = "<group>";
		};
		2C16CE0A2C7D17910079A75B /* tripperUITests */ = {
			isa = PBXGroup;
			children = (
				2C16CE0B2C7D17910079A75B /* tripperUITests.swift */,
				2C16CE0D2C7D17910079A75B /* tripperUITestsLaunchTests.swift */,
			);
			path = tripperUITests;
			sourceTree = "<group>";
		};
		2C5344D42C9F479800D06777 /* Profile */ = {
			isa = PBXGroup;
			children = (
				2C5344DC2C9F480800D06777 /* Components */,
				2C5344DB2C9F47F600D06777 /* Templates */,
				2C15E7232C9750C200E3726A /* ProfileView.swift */,
				2C5344E92C9F4A3800D06777 /* Credential */,
			);
			path = Profile;
			sourceTree = "<group>";
		};
		2C5344D52C9F479F00D06777 /* Explore */ = {
			isa = PBXGroup;
			children = (
				2C5344DD2C9F480F00D06777 /* Components */,
				2C5344DA2C9F47F600D06777 /* Templates */,
				2C15E71D2C9737AD00E3726A /* HomeView.swift */,
			);
			path = Explore;
			sourceTree = "<group>";
		};
		2C5344D62C9F47A700D06777 /* Saved */ = {
			isa = PBXGroup;
			children = (
				2C5344DE2C9F481000D06777 /* Components */,
				2C5344D92C9F47F500D06777 /* Templates */,
				2C15E7212C97504900E3726A /* SavedRoutes.swift */,
			);
			path = Saved;
			sourceTree = "<group>";
		};
		2C5344D72C9F47BA00D06777 /* Create */ = {
			isa = PBXGroup;
			children = (
				2C5344DF2C9F481100D06777 /* Components */,
				2C5344D82C9F47ED00D06777 /* Templates */,
				2C15E7252C97513800E3726A /* CreateNewRouteView.swift */,
			);
			path = Create;
			sourceTree = "<group>";
		};
		2C5344D82C9F47ED00D06777 /* Templates */ = {
			isa = PBXGroup;
			children = (
			);
			path = Templates;
			sourceTree = "<group>";
		};
		2C5344D92C9F47F500D06777 /* Templates */ = {
			isa = PBXGroup;
			children = (
			);
			path = Templates;
			sourceTree = "<group>";
		};
		2C5344DA2C9F47F600D06777 /* Templates */ = {
			isa = PBXGroup;
			children = (
				2C5344BF2C9F445400D06777 /* DiscoverView.swift */,
				2C5344C12C9F446F00D06777 /* SearchView.swift */,
			);
			path = Templates;
			sourceTree = "<group>";
		};
		2C5344DB2C9F47F600D06777 /* Templates */ = {
			isa = PBXGroup;
			children = (
				2C5344D12C9F46F400D06777 /* SettingsSectionView.swift */,
				2C5344CB2C9F46A100D06777 /* ProfileSectionView.swift */,
			);
			path = Templates;
			sourceTree = "<group>";
		};
		2C5344DC2C9F480800D06777 /* Components */ = {
			isa = PBXGroup;
			children = (
				2C5344CF2C9F46CF00D06777 /* MedalsView.swift */,
				2C5344CD2C9F46B800D06777 /* StatisticsGridView.swift */,
			);
			path = Components;
			sourceTree = "<group>";
		};
		2C5344DD2C9F480F00D06777 /* Components */ = {
			isa = PBXGroup;
			children = (
				2C15E7302C97C08300E3726A /* SheetSearchCityView.swift */,
				2C5344C32C9F448700D06777 /* LocationButtonView.swift */,
				2C5344BD2C9F442F00D06777 /* HorizontalCardListView.swift */,
			);
			path = Components;
			sourceTree = "<group>";
		};
		2C5344DE2C9F481000D06777 /* Components */ = {
			isa = PBXGroup;
			children = (
			);
			path = Components;
			sourceTree = "<group>";
		};
		2C5344DF2C9F481100D06777 /* Components */ = {
			isa = PBXGroup;
			children = (
			);
			path = Components;
			sourceTree = "<group>";
		};
		2C5344E02C9F488400D06777 /* Main */ = {
			isa = PBXGroup;
			children = (
				2C5344E32C9F493200D06777 /* Templates */,
				2C5344E22C9F491E00D06777 /* Components */,
				2C15E71F2C973C4800E3726A /* MainView.swift */,
			);
			path = Main;
			sourceTree = "<group>";
		};
		2C5344E12C9F489F00D06777 /* Map */ = {
			isa = PBXGroup;
			children = (
				2C5344E52C9F494800D06777 /* Templates */,
				2C5344E42C9F493F00D06777 /* Components */,
				2CFDDB092C93B221004B2E53 /* MapView.swift */,
			);
			path = Map;
			sourceTree = "<group>";
		};
		2C5344E22C9F491E00D06777 /* Components */ = {
			isa = PBXGroup;
			children = (
				2C5344C52C9F452900D06777 /* BottomTabBarButtonView.swift */,
				2C5344C72C9F454900D06777 /* BottomTabBarView.swift */,
			);
			path = Components;
			sourceTree = "<group>";
		};
		2C5344E32C9F493200D06777 /* Templates */ = {
			isa = PBXGroup;
			children = (
				2C5344C92C9F456D00D06777 /* MainContentView.swift */,
				2C5344B72C9E137A00D06777 /* SplashView.swift */,
			);
			path = Templates;
			sourceTree = "<group>";
		};
		2C5344E42C9F493F00D06777 /* Components */ = {
			isa = PBXGroup;
			children = (
				2CFDDB0B2C93B360004B2E53 /* SheetView.swift */,
				2CB2B30C2C8FE20600466E54 /* FloatingButtons.swift */,
			);
			path = Components;
			sourceTree = "<group>";
		};
		2C5344E52C9F494800D06777 /* Templates */ = {
			isa = PBXGroup;
			children = (
			);
			path = Templates;
			sourceTree = "<group>";
		};
		2C5344E92C9F4A3800D06777 /* Credential */ = {
			isa = PBXGroup;
			children = (
				2C5344EB2C9F4A4600D06777 /* Signin */,
				2C5344EA2C9F4A4100D06777 /* Login */,
			);
			path = Credential;
			sourceTree = "<group>";
		};
		2C5344EA2C9F4A4100D06777 /* Login */ = {
			isa = PBXGroup;
			children = (
				2C5344EE2C9F4A5E00D06777 /* LoginView.swift */,
			);
			path = Login;
			sourceTree = "<group>";
		};
		2C5344EB2C9F4A4600D06777 /* Signin */ = {
			isa = PBXGroup;
			children = (
				2C5344F32C9F533000D06777 /* Templates */,
				2C5344EC2C9F4A5400D06777 /* StepperView.swift */,
			);
			path = Signin;
			sourceTree = "<group>";
		};
		2C5344F32C9F533000D06777 /* Templates */ = {
			isa = PBXGroup;
			children = (
				2C5344FC2C9F735B00D06777 /* PasswordStepView.swift */,
				2C5344FA2C9F55EE00D06777 /* FinalStepView.swift */,
				2C5344F82C9F534E00D06777 /* EmailStepView.swift */,
				2C5344F42C9F533F00D06777 /* FullNameStepView.swift */,
			);
			path = Templates;
			sourceTree = "<group>";
		};
		2CB0C2682C8FD60F007C077A /* Components */ = {
			isa = PBXGroup;
			children = (
				2C5344BB2C9F441900D06777 /* TabButtonView.swift */,
				2C5344B92C9F43FC00D06777 /* SearchBarView.swift */,
				2C15E72A2C97B53B00E3726A /* CardView.swift */,
				2C15E72C2C97B56C00E3726A /* ToggleButtonsView.swift */,
			);
			path = Components;
			sourceTree = "<group>";
		};
		2CB0C2692C8FD60F007C077A /* Views */ = {
			isa = PBXGroup;
			children = (
				2C5344E12C9F489F00D06777 /* Map */,
				2C5344E02C9F488400D06777 /* Main */,
				2C5344D72C9F47BA00D06777 /* Create */,
				2C5344D62C9F47A700D06777 /* Saved */,
				2C5344D52C9F479F00D06777 /* Explore */,
				2C5344D42C9F479800D06777 /* Profile */,
				2CB0C2682C8FD60F007C077A /* Components */,
			);
			path = Views;
			sourceTree = "<group>";
		};
		2CFDDB062C93B121004B2E53 /* Services */ = {
			isa = PBXGroup;
			children = (
				2CD5D7282C933D490069EBB2 /* LocationService.swift */,
			);
			path = Services;
			sourceTree = "<group>";
		};
		2CFDDB072C93B13C004B2E53 /* CoreData */ = {
			isa = PBXGroup;
			children = (
				2C16CDF62C7D17910079A75B /* tripper.xcdatamodeld */,
			);
			path = CoreData;
			sourceTree = "<group>";
		};
		2CFDDB082C93B172004B2E53 /* Assets */ = {
			isa = PBXGroup;
			children = (
				2CB0C26B2C8FD60F007C077A /* Assets.xcassets */,
			);
			path = Assets;
			sourceTree = "<group>";
		};
/* End PBXGroup section */

/* Begin PBXNativeTarget section */
		2C16CDE72C7D17900079A75B /* tripper */ = {
			isa = PBXNativeTarget;
			buildConfigurationList = 2C16CE112C7D17910079A75B /* Build configuration list for PBXNativeTarget "tripper" */;
			buildPhases = (
				2C16CDE42C7D17900079A75B /* Sources */,
				2C16CDE52C7D17900079A75B /* Frameworks */,
				2C16CDE62C7D17900079A75B /* Resources */,
			);
			buildRules = (
			);
			dependencies = (
			);
			name = tripper;
			productName = tripper;
			productReference = 2C16CDE82C7D17900079A75B /* tripper.app */;
			productType = "com.apple.product-type.application";
		};
		2C16CDFC2C7D17910079A75B /* tripperTests */ = {
			isa = PBXNativeTarget;
			buildConfigurationList = 2C16CE142C7D17910079A75B /* Build configuration list for PBXNativeTarget "tripperTests" */;
			buildPhases = (
				2C16CDF92C7D17910079A75B /* Sources */,
				2C16CDFA2C7D17910079A75B /* Frameworks */,
				2C16CDFB2C7D17910079A75B /* Resources */,
			);
			buildRules = (
			);
			dependencies = (
				2C16CDFF2C7D17910079A75B /* PBXTargetDependency */,
			);
			name = tripperTests;
			productName = tripperTests;
			productReference = 2C16CDFD2C7D17910079A75B /* tripperTests.xctest */;
			productType = "com.apple.product-type.bundle.unit-test";
		};
		2C16CE062C7D17910079A75B /* tripperUITests */ = {
			isa = PBXNativeTarget;
			buildConfigurationList = 2C16CE172C7D17910079A75B /* Build configuration list for PBXNativeTarget "tripperUITests" */;
			buildPhases = (
				2C16CE032C7D17910079A75B /* Sources */,
				2C16CE042C7D17910079A75B /* Frameworks */,
				2C16CE052C7D17910079A75B /* Resources */,
			);
			buildRules = (
			);
			dependencies = (
				2C16CE092C7D17910079A75B /* PBXTargetDependency */,
			);
			name = tripperUITests;
			productName = tripperUITests;
			productReference = 2C16CE072C7D17910079A75B /* tripperUITests.xctest */;
			productType = "com.apple.product-type.bundle.ui-testing";
		};
/* End PBXNativeTarget section */

/* Begin PBXProject section */
		2C16CDE02C7D17900079A75B /* Project object */ = {
			isa = PBXProject;
			attributes = {
				BuildIndependentTargetsInParallel = 1;
				LastSwiftUpdateCheck = 1540;
				LastUpgradeCheck = 1600;
				TargetAttributes = {
					2C16CDE72C7D17900079A75B = {
						CreatedOnToolsVersion = 15.4;
					};
					2C16CDFC2C7D17910079A75B = {
						CreatedOnToolsVersion = 15.4;
						TestTargetID = 2C16CDE72C7D17900079A75B;
					};
					2C16CE062C7D17910079A75B = {
						CreatedOnToolsVersion = 15.4;
						TestTargetID = 2C16CDE72C7D17900079A75B;
					};
				};
			};
			buildConfigurationList = 2C16CDE32C7D17900079A75B /* Build configuration list for PBXProject "tripper" */;
			compatibilityVersion = "Xcode 14.0";
			developmentRegion = en;
			hasScannedForEncodings = 0;
			knownRegions = (
				en,
				Base,
			);
			mainGroup = 2C16CDDF2C7D17900079A75B;
			productRefGroup = 2C16CDE92C7D17900079A75B /* Products */;
			projectDirPath = "";
			projectRoot = "";
			targets = (
				2C16CDE72C7D17900079A75B /* tripper */,
				2C16CDFC2C7D17910079A75B /* tripperTests */,
				2C16CE062C7D17910079A75B /* tripperUITests */,
			);
		};
/* End PBXProject section */

/* Begin PBXResourcesBuildPhase section */
		2C16CDE62C7D17900079A75B /* Resources */ = {
			isa = PBXResourcesBuildPhase;
			buildActionMask = 2147483647;
			files = (
				2C16CDF32C7D17910079A75B /* Preview Assets.xcassets in Resources */,
				2CB0C2792C8FD610007C077A /* Assets.xcassets in Resources */,
			);
			runOnlyForDeploymentPostprocessing = 0;
		};
		2C16CDFB2C7D17910079A75B /* Resources */ = {
			isa = PBXResourcesBuildPhase;
			buildActionMask = 2147483647;
			files = (
			);
			runOnlyForDeploymentPostprocessing = 0;
		};
		2C16CE052C7D17910079A75B /* Resources */ = {
			isa = PBXResourcesBuildPhase;
			buildActionMask = 2147483647;
			files = (
			);
			runOnlyForDeploymentPostprocessing = 0;
		};
/* End PBXResourcesBuildPhase section */

/* Begin PBXSourcesBuildPhase section */
		2C16CDE42C7D17900079A75B /* Sources */ = {
			isa = PBXSourcesBuildPhase;
			buildActionMask = 2147483647;
			files = (
				2C15E72D2C97B56C00E3726A /* ToggleButtonsView.swift in Sources */,
				2CFDDB0C2C93B360004B2E53 /* SheetView.swift in Sources */,
				2C5344B82C9E138400D06777 /* SplashView.swift in Sources */,
				2C5344C62C9F453400D06777 /* BottomTabBarButtonView.swift in Sources */,
				2C15E7202C973C4800E3726A /* MainView.swift in Sources */,
				2C5344FD2C9F736200D06777 /* PasswordStepView.swift in Sources */,
				2C5344F92C9F535000D06777 /* EmailStepView.swift in Sources */,
				2C5344BA2C9F440300D06777 /* SearchBarView.swift in Sources */,
				2C5344FB2C9F55F400D06777 /* FinalStepView.swift in Sources */,
				2C15E7242C9750C200E3726A /* ProfileView.swift in Sources */,
				2C5344C22C9F446F00D06777 /* SearchView.swift in Sources */,
				2C5344CC2C9F46A700D06777 /* ProfileSectionView.swift in Sources */,
				2C15E71E2C9737AD00E3726A /* HomeView.swift in Sources */,
				2C5344C42C9F448D00D06777 /* LocationButtonView.swift in Sources */,
				2CFDDB0A2C93B221004B2E53 /* MapView.swift in Sources */,
				2C5344D02C9F46DA00D06777 /* MedalsView.swift in Sources */,
				2C5344D22C9F46FD00D06777 /* SettingsSectionView.swift in Sources */,
				2C5344CA2C9F457500D06777 /* MainContentView.swift in Sources */,
				2C5344CE2C9F46BA00D06777 /* StatisticsGridView.swift in Sources */,
				2C5344C02C9F445B00D06777 /* DiscoverView.swift in Sources */,
				2C15E7262C97513800E3726A /* CreateNewRouteView.swift in Sources */,
				2C5344EF2C9F4A6300D06777 /* LoginView.swift in Sources */,
				2C16CDF82C7D17910079A75B /* tripper.xcdatamodeld in Sources */,
				2C5344BE2C9F443100D06777 /* HorizontalCardListView.swift in Sources */,
				2C15E72B2C97B53B00E3726A /* CardView.swift in Sources */,
				2C5344BC2C9F441A00D06777 /* TabButtonView.swift in Sources */,
				2CB2B30D2C8FE20600466E54 /* FloatingButtons.swift in Sources */,
				2C5344ED2C9F4A5B00D06777 /* StepperView.swift in Sources */,
				2C5344F52C9F534400D06777 /* FullNameStepView.swift in Sources */,
				2CD5D7292C933D490069EBB2 /* LocationService.swift in Sources */,
				2C16CDEC2C7D17900079A75B /* tripperApp.swift in Sources */,
				2C15E7222C97504900E3726A /* SavedRoutes.swift in Sources */,
				2C5344C82C9F455A00D06777 /* BottomTabBarView.swift in Sources */,
				2C15E7312C97C08300E3726A /* SheetSearchCityView.swift in Sources */,
			);
			runOnlyForDeploymentPostprocessing = 0;
		};
		2C16CDF92C7D17910079A75B /* Sources */ = {
			isa = PBXSourcesBuildPhase;
			buildActionMask = 2147483647;
			files = (
				2C16CE022C7D17910079A75B /* tripperTests.swift in Sources */,
			);
			runOnlyForDeploymentPostprocessing = 0;
		};
		2C16CE032C7D17910079A75B /* Sources */ = {
			isa = PBXSourcesBuildPhase;
			buildActionMask = 2147483647;
			files = (
				2C16CE0C2C7D17910079A75B /* tripperUITests.swift in Sources */,
				2C16CE0E2C7D17910079A75B /* tripperUITestsLaunchTests.swift in Sources */,
			);
			runOnlyForDeploymentPostprocessing = 0;
		};
/* End PBXSourcesBuildPhase section */

/* Begin PBXTargetDependency section */
		2C16CDFF2C7D17910079A75B /* PBXTargetDependency */ = {
			isa = PBXTargetDependency;
			target = 2C16CDE72C7D17900079A75B /* tripper */;
			targetProxy = 2C16CDFE2C7D17910079A75B /* PBXContainerItemProxy */;
		};
		2C16CE092C7D17910079A75B /* PBXTargetDependency */ = {
			isa = PBXTargetDependency;
			target = 2C16CDE72C7D17900079A75B /* tripper */;
			targetProxy = 2C16CE082C7D17910079A75B /* PBXContainerItemProxy */;
		};
/* End PBXTargetDependency section */

/* Begin XCBuildConfiguration section */
		2C16CE0F2C7D17910079A75B /* Debug */ = {
			isa = XCBuildConfiguration;
			buildSettings = {
				ALWAYS_SEARCH_USER_PATHS = NO;
				ASSETCATALOG_COMPILER_GENERATE_SWIFT_ASSET_SYMBOL_EXTENSIONS = YES;
				CLANG_ANALYZER_NONNULL = YES;
				CLANG_ANALYZER_NUMBER_OBJECT_CONVERSION = YES_AGGRESSIVE;
				CLANG_CXX_LANGUAGE_STANDARD = "gnu++20";
				CLANG_ENABLE_MODULES = YES;
				CLANG_ENABLE_OBJC_ARC = YES;
				CLANG_ENABLE_OBJC_WEAK = YES;
				CLANG_WARN_BLOCK_CAPTURE_AUTORELEASING = YES;
				CLANG_WARN_BOOL_CONVERSION = YES;
				CLANG_WARN_COMMA = YES;
				CLANG_WARN_CONSTANT_CONVERSION = YES;
				CLANG_WARN_DEPRECATED_OBJC_IMPLEMENTATIONS = YES;
				CLANG_WARN_DIRECT_OBJC_ISA_USAGE = YES_ERROR;
				CLANG_WARN_DOCUMENTATION_COMMENTS = YES;
				CLANG_WARN_EMPTY_BODY = YES;
				CLANG_WARN_ENUM_CONVERSION = YES;
				CLANG_WARN_INFINITE_RECURSION = YES;
				CLANG_WARN_INT_CONVERSION = YES;
				CLANG_WARN_NON_LITERAL_NULL_CONVERSION = YES;
				CLANG_WARN_OBJC_IMPLICIT_RETAIN_SELF = YES;
				CLANG_WARN_OBJC_LITERAL_CONVERSION = YES;
				CLANG_WARN_OBJC_ROOT_CLASS = YES_ERROR;
				CLANG_WARN_QUOTED_INCLUDE_IN_FRAMEWORK_HEADER = YES;
				CLANG_WARN_RANGE_LOOP_ANALYSIS = YES;
				CLANG_WARN_STRICT_PROTOTYPES = YES;
				CLANG_WARN_SUSPICIOUS_MOVE = YES;
				CLANG_WARN_UNGUARDED_AVAILABILITY = YES_AGGRESSIVE;
				CLANG_WARN_UNREACHABLE_CODE = YES;
				CLANG_WARN__DUPLICATE_METHOD_MATCH = YES;
				COPY_PHASE_STRIP = NO;
				DEBUG_INFORMATION_FORMAT = dwarf;
				ENABLE_STRICT_OBJC_MSGSEND = YES;
				ENABLE_TESTABILITY = YES;
				ENABLE_USER_SCRIPT_SANDBOXING = YES;
				GCC_C_LANGUAGE_STANDARD = gnu17;
				GCC_DYNAMIC_NO_PIC = NO;
				GCC_NO_COMMON_BLOCKS = YES;
				GCC_OPTIMIZATION_LEVEL = 0;
				GCC_PREPROCESSOR_DEFINITIONS = (
					"DEBUG=1",
					"$(inherited)",
				);
				GCC_WARN_64_TO_32_BIT_CONVERSION = YES;
				GCC_WARN_ABOUT_RETURN_TYPE = YES_ERROR;
				GCC_WARN_UNDECLARED_SELECTOR = YES;
				GCC_WARN_UNINITIALIZED_AUTOS = YES_AGGRESSIVE;
				GCC_WARN_UNUSED_FUNCTION = YES;
				GCC_WARN_UNUSED_VARIABLE = YES;
				IPHONEOS_DEPLOYMENT_TARGET = 17.5;
				LOCALIZATION_PREFERS_STRING_CATALOGS = YES;
				MTL_ENABLE_DEBUG_INFO = INCLUDE_SOURCE;
				MTL_FAST_MATH = YES;
				ONLY_ACTIVE_ARCH = YES;
				SDKROOT = iphoneos;
				SWIFT_ACTIVE_COMPILATION_CONDITIONS = "DEBUG $(inherited)";
				SWIFT_OPTIMIZATION_LEVEL = "-Onone";
			};
			name = Debug;
		};
		2C16CE102C7D17910079A75B /* Release */ = {
			isa = XCBuildConfiguration;
			buildSettings = {
				ALWAYS_SEARCH_USER_PATHS = NO;
				ASSETCATALOG_COMPILER_GENERATE_SWIFT_ASSET_SYMBOL_EXTENSIONS = YES;
				CLANG_ANALYZER_NONNULL = YES;
				CLANG_ANALYZER_NUMBER_OBJECT_CONVERSION = YES_AGGRESSIVE;
				CLANG_CXX_LANGUAGE_STANDARD = "gnu++20";
				CLANG_ENABLE_MODULES = YES;
				CLANG_ENABLE_OBJC_ARC = YES;
				CLANG_ENABLE_OBJC_WEAK = YES;
				CLANG_WARN_BLOCK_CAPTURE_AUTORELEASING = YES;
				CLANG_WARN_BOOL_CONVERSION = YES;
				CLANG_WARN_COMMA = YES;
				CLANG_WARN_CONSTANT_CONVERSION = YES;
				CLANG_WARN_DEPRECATED_OBJC_IMPLEMENTATIONS = YES;
				CLANG_WARN_DIRECT_OBJC_ISA_USAGE = YES_ERROR;
				CLANG_WARN_DOCUMENTATION_COMMENTS = YES;
				CLANG_WARN_EMPTY_BODY = YES;
				CLANG_WARN_ENUM_CONVERSION = YES;
				CLANG_WARN_INFINITE_RECURSION = YES;
				CLANG_WARN_INT_CONVERSION = YES;
				CLANG_WARN_NON_LITERAL_NULL_CONVERSION = YES;
				CLANG_WARN_OBJC_IMPLICIT_RETAIN_SELF = YES;
				CLANG_WARN_OBJC_LITERAL_CONVERSION = YES;
				CLANG_WARN_OBJC_ROOT_CLASS = YES_ERROR;
				CLANG_WARN_QUOTED_INCLUDE_IN_FRAMEWORK_HEADER = YES;
				CLANG_WARN_RANGE_LOOP_ANALYSIS = YES;
				CLANG_WARN_STRICT_PROTOTYPES = YES;
				CLANG_WARN_SUSPICIOUS_MOVE = YES;
				CLANG_WARN_UNGUARDED_AVAILABILITY = YES_AGGRESSIVE;
				CLANG_WARN_UNREACHABLE_CODE = YES;
				CLANG_WARN__DUPLICATE_METHOD_MATCH = YES;
				COPY_PHASE_STRIP = NO;
				DEBUG_INFORMATION_FORMAT = "dwarf-with-dsym";
				ENABLE_NS_ASSERTIONS = NO;
				ENABLE_STRICT_OBJC_MSGSEND = YES;
				ENABLE_USER_SCRIPT_SANDBOXING = YES;
				GCC_C_LANGUAGE_STANDARD = gnu17;
				GCC_NO_COMMON_BLOCKS = YES;
				GCC_WARN_64_TO_32_BIT_CONVERSION = YES;
				GCC_WARN_ABOUT_RETURN_TYPE = YES_ERROR;
				GCC_WARN_UNDECLARED_SELECTOR = YES;
				GCC_WARN_UNINITIALIZED_AUTOS = YES_AGGRESSIVE;
				GCC_WARN_UNUSED_FUNCTION = YES;
				GCC_WARN_UNUSED_VARIABLE = YES;
				IPHONEOS_DEPLOYMENT_TARGET = 17.5;
				LOCALIZATION_PREFERS_STRING_CATALOGS = YES;
				MTL_ENABLE_DEBUG_INFO = NO;
				MTL_FAST_MATH = YES;
				SDKROOT = iphoneos;
				SWIFT_COMPILATION_MODE = wholemodule;
				VALIDATE_PRODUCT = YES;
			};
			name = Release;
		};
		2C16CE122C7D17910079A75B /* Debug */ = {
			isa = XCBuildConfiguration;
			buildSettings = {
				ASSETCATALOG_COMPILER_APPICON_NAME = AppIcon;
				ASSETCATALOG_COMPILER_GLOBAL_ACCENT_COLOR_NAME = AccentColor;
				CODE_SIGN_STYLE = Automatic;
				CURRENT_PROJECT_VERSION = 1;
				DEVELOPMENT_ASSET_PATHS = "\"tripper/Preview Content\"";
				DEVELOPMENT_TEAM = VCF3DS6BTV;
				ENABLE_PREVIEWS = YES;
				GENERATE_INFOPLIST_FILE = YES;
				INFOPLIST_FILE = tripper/Info.plist;
				INFOPLIST_KEY_CFBundleDisplayName = "";
				INFOPLIST_KEY_LSApplicationCategoryType = "";
				INFOPLIST_KEY_NSLocationWhenInUseUsageDescription = "The app needs access to your location to provide location-based services.";
				INFOPLIST_KEY_UIApplicationSceneManifest_Generation = YES;
				INFOPLIST_KEY_UIApplicationSupportsIndirectInputEvents = YES;
				INFOPLIST_KEY_UILaunchScreen_Generation = YES;
				INFOPLIST_KEY_UISupportedInterfaceOrientations_iPhone = UIInterfaceOrientationPortrait;
				LD_RUNPATH_SEARCH_PATHS = (
					"$(inherited)",
					"@executable_path/Frameworks",
				);
				MARKETING_VERSION = 1.0;
				PRODUCT_BUNDLE_IDENTIFIER = spktrm.tripper;
				PRODUCT_NAME = "$(TARGET_NAME)";
				SWIFT_EMIT_LOC_STRINGS = YES;
				SWIFT_VERSION = 5.0;
				TARGETED_DEVICE_FAMILY = "1,2";
			};
			name = Debug;
		};
		2C16CE132C7D17910079A75B /* Release */ = {
			isa = XCBuildConfiguration;
			buildSettings = {
				ASSETCATALOG_COMPILER_APPICON_NAME = AppIcon;
				ASSETCATALOG_COMPILER_GLOBAL_ACCENT_COLOR_NAME = AccentColor;
				CODE_SIGN_STYLE = Automatic;
				CURRENT_PROJECT_VERSION = 1;
				DEVELOPMENT_ASSET_PATHS = "\"tripper/Preview Content\"";
				DEVELOPMENT_TEAM = VCF3DS6BTV;
				ENABLE_PREVIEWS = YES;
				GENERATE_INFOPLIST_FILE = YES;
				INFOPLIST_FILE = tripper/Info.plist;
				INFOPLIST_KEY_CFBundleDisplayName = "";
				INFOPLIST_KEY_LSApplicationCategoryType = "";
				INFOPLIST_KEY_NSLocationWhenInUseUsageDescription = "The app needs access to your location to provide location-based services.";
				INFOPLIST_KEY_UIApplicationSceneManifest_Generation = YES;
				INFOPLIST_KEY_UIApplicationSupportsIndirectInputEvents = YES;
				INFOPLIST_KEY_UILaunchScreen_Generation = YES;
				INFOPLIST_KEY_UISupportedInterfaceOrientations_iPhone = UIInterfaceOrientationPortrait;
				LD_RUNPATH_SEARCH_PATHS = (
					"$(inherited)",
					"@executable_path/Frameworks",
				);
				MARKETING_VERSION = 1.0;
				PRODUCT_BUNDLE_IDENTIFIER = spktrm.tripper;
				PRODUCT_NAME = "$(TARGET_NAME)";
				SWIFT_EMIT_LOC_STRINGS = YES;
				SWIFT_VERSION = 5.0;
				TARGETED_DEVICE_FAMILY = "1,2";
			};
			name = Release;
		};
		2C16CE152C7D17910079A75B /* Debug */ = {
			isa = XCBuildConfiguration;
			buildSettings = {
				BUNDLE_LOADER = "$(TEST_HOST)";
				CODE_SIGN_STYLE = Automatic;
				CURRENT_PROJECT_VERSION = 1;
				DEVELOPMENT_TEAM = VCF3DS6BTV;
				GENERATE_INFOPLIST_FILE = YES;
				IPHONEOS_DEPLOYMENT_TARGET = 17.5;
				MARKETING_VERSION = 1.0;
				PRODUCT_BUNDLE_IDENTIFIER = spktrm.tripperTests;
				PRODUCT_NAME = "$(TARGET_NAME)";
				SWIFT_EMIT_LOC_STRINGS = NO;
				SWIFT_VERSION = 5.0;
				TARGETED_DEVICE_FAMILY = "1,2";
				TEST_HOST = "$(BUILT_PRODUCTS_DIR)/tripper.app/$(BUNDLE_EXECUTABLE_FOLDER_PATH)/tripper";
			};
			name = Debug;
		};
		2C16CE162C7D17910079A75B /* Release */ = {
			isa = XCBuildConfiguration;
			buildSettings = {
				BUNDLE_LOADER = "$(TEST_HOST)";
				CODE_SIGN_STYLE = Automatic;
				CURRENT_PROJECT_VERSION = 1;
				DEVELOPMENT_TEAM = VCF3DS6BTV;
				GENERATE_INFOPLIST_FILE = YES;
				IPHONEOS_DEPLOYMENT_TARGET = 17.5;
				MARKETING_VERSION = 1.0;
				PRODUCT_BUNDLE_IDENTIFIER = spktrm.tripperTests;
				PRODUCT_NAME = "$(TARGET_NAME)";
				SWIFT_EMIT_LOC_STRINGS = NO;
				SWIFT_VERSION = 5.0;
				TARGETED_DEVICE_FAMILY = "1,2";
				TEST_HOST = "$(BUILT_PRODUCTS_DIR)/tripper.app/$(BUNDLE_EXECUTABLE_FOLDER_PATH)/tripper";
			};
			name = Release;
		};
		2C16CE182C7D17910079A75B /* Debug */ = {
			isa = XCBuildConfiguration;
			buildSettings = {
				CODE_SIGN_STYLE = Automatic;
				CURRENT_PROJECT_VERSION = 1;
				DEVELOPMENT_TEAM = VCF3DS6BTV;
				GENERATE_INFOPLIST_FILE = YES;
				MARKETING_VERSION = 1.0;
				PRODUCT_BUNDLE_IDENTIFIER = spktrm.tripperUITests;
				PRODUCT_NAME = "$(TARGET_NAME)";
				SWIFT_EMIT_LOC_STRINGS = NO;
				SWIFT_VERSION = 5.0;
				TARGETED_DEVICE_FAMILY = "1,2";
				TEST_TARGET_NAME = tripper;
			};
			name = Debug;
		};
		2C16CE192C7D17910079A75B /* Release */ = {
			isa = XCBuildConfiguration;
			buildSettings = {
				CODE_SIGN_STYLE = Automatic;
				CURRENT_PROJECT_VERSION = 1;
				DEVELOPMENT_TEAM = VCF3DS6BTV;
				GENERATE_INFOPLIST_FILE = YES;
				MARKETING_VERSION = 1.0;
				PRODUCT_BUNDLE_IDENTIFIER = spktrm.tripperUITests;
				PRODUCT_NAME = "$(TARGET_NAME)";
				SWIFT_EMIT_LOC_STRINGS = NO;
				SWIFT_VERSION = 5.0;
				TARGETED_DEVICE_FAMILY = "1,2";
				TEST_TARGET_NAME = tripper;
			};
			name = Release;
		};
/* End XCBuildConfiguration section */

/* Begin XCConfigurationList section */
		2C16CDE32C7D17900079A75B /* Build configuration list for PBXProject "tripper" */ = {
			isa = XCConfigurationList;
			buildConfigurations = (
				2C16CE0F2C7D17910079A75B /* Debug */,
				2C16CE102C7D17910079A75B /* Release */,
			);
			defaultConfigurationIsVisible = 0;
			defaultConfigurationName = Release;
		};
		2C16CE112C7D17910079A75B /* Build configuration list for PBXNativeTarget "tripper" */ = {
			isa = XCConfigurationList;
			buildConfigurations = (
				2C16CE122C7D17910079A75B /* Debug */,
				2C16CE132C7D17910079A75B /* Release */,
			);
			defaultConfigurationIsVisible = 0;
			defaultConfigurationName = Release;
		};
		2C16CE142C7D17910079A75B /* Build configuration list for PBXNativeTarget "tripperTests" */ = {
			isa = XCConfigurationList;
			buildConfigurations = (
				2C16CE152C7D17910079A75B /* Debug */,
				2C16CE162C7D17910079A75B /* Release */,
			);
			defaultConfigurationIsVisible = 0;
			defaultConfigurationName = Release;
		};
		2C16CE172C7D17910079A75B /* Build configuration list for PBXNativeTarget "tripperUITests" */ = {
			isa = XCConfigurationList;
			buildConfigurations = (
				2C16CE182C7D17910079A75B /* Debug */,
				2C16CE192C7D17910079A75B /* Release */,
			);
			defaultConfigurationIsVisible = 0;
			defaultConfigurationName = Release;
		};
/* End XCConfigurationList section */

/* Begin XCVersionGroup section */
		2C16CDF62C7D17910079A75B /* tripper.xcdatamodeld */ = {
			isa = XCVersionGroup;
			children = (
				2C16CDF72C7D17910079A75B /* tripper.xcdatamodel */,
			);
			currentVersion = 2C16CDF72C7D17910079A75B /* tripper.xcdatamodel */;
			path = tripper.xcdatamodeld;
			sourceTree = "<group>";
			versionGroupType = wrapper.xcdatamodel;
		};
/* End XCVersionGroup section */
	};
	rootObject = 2C16CDE02C7D17900079A75B /* Project object */;
}
